
Microsoft Visual Studio Solution File, Format Version 12.00
# Visual Studio Version 16
VisualStudioVersion = 16.0.29521.150
MinimumVisualStudioVersion = 10.0.40219.1
Project("{888888A0-9F3D-457C-B088-3A5042F75D52}") = "DjangoWebProject2", "DjangoWebProject2\DjangoWebProject2.pyproj", "{220B2CD1-F33D-43CC-88A6-EDCF1DDD0EA4}"
EndProject
Global
	GlobalSection(SolutionConfigurationPlatforms) = preSolution
		Debug|Any CPU = Debug|Any CPU
		Release|Any CPU = Release|Any CPU
	EndGlobalSection
	GlobalSection(ProjectConfigurationPlatforms) = postSolution
		{220B2CD1-F33D-43CC-88A6-EDCF1DDD0EA4}.Debug|Any CPU.ActiveCfg = Debug|Any CPU
		{220B2CD1-F33D-43CC-88A6-EDCF1DDD0EA4}.Debug|Any CPU.Build.0 = Debug|Any CPU
		{220B2CD1-F33D-43CC-88A6-EDCF1DDD0EA4}.Release|Any CPU.ActiveCfg = Release|Any CPU
		{220B2CD1-F33D-43CC-88A6-EDCF1DDD0EA4}.Release|Any CPU.Build.0 = Release|Any CPU
	EndGlobalSection
	GlobalSection(SolutionProperties) = preSolution
		HideSolutionNode = FALSE
	EndGlobalSection
	GlobalSection(ExtensibilityGlobals) = postSolution
		SolutionGuid = {66260CB1-5813-409B-8178-F8D9AD3A025B}
	EndGlobalSection
EndGlobal
